
Microsoft Visual Studio Solution File, Format Version 12.00
# Visual Studio Version 16
VisualStudioVersion = 25.0.1700.0
MinimumVisualStudioVersion = 10.0.40219.1
Project("{FAE04EC0-301F-11D3-BF4B-00C04F79EFBC}") = "BigCleopatraBurgers", "BigCleopatraBurgers\BigCleopatraBurgers.csproj", "{7DEFBF10-39D7-4D17-AC2B-434A0447F690}"
EndProject
Global
	GlobalSection(SolutionConfigurationPlatforms) = preSolution
		Debug|Any CPU = Debug|Any CPU
		Release|Any CPU = Release|Any CPU
	EndGlobalSection
	GlobalSection(ProjectConfigurationPlatforms) = postSolution
		{7DEFBF10-39D7-4D17-AC2B-434A0447F690}.Debug|Any CPU.ActiveCfg = Debug|Any CPU
		{7DEFBF10-39D7-4D17-AC2B-434A0447F690}.Debug|Any CPU.Build.0 = Debug|Any CPU
		{7DEFBF10-39D7-4D17-AC2B-434A0447F690}.Release|Any CPU.ActiveCfg = Release|Any CPU
		{7DEFBF10-39D7-4D17-AC2B-434A0447F690}.Release|Any CPU.Build.0 = Release|Any CPU
	EndGlobalSection
	GlobalSection(SolutionProperties) = preSolution
		HideSolutionNode = FALSE
	EndGlobalSection
	GlobalSection(ExtensibilityGlobals) = postSolution
		SolutionGuid = {CFAF8B4C-016A-45C0-9C84-EABCECB162E7}
	EndGlobalSection
EndGlobal
